// !$*UTF8*$!
{
	archiveVersion = 1;
	classes = {
	};
	objectVersion = 46;
	objects = {

/* Begin PBXBuildFile section */
		E62886891E5EC73B00F19D20 /* main.m in Sources */ = {isa = PBXBuildFile; fileRef = E62886881E5EC73B00F19D20 /* main.m */; };
		E628868C1E5EC73B00F19D20 /* AppDelegate.m in Sources */ = {isa = PBXBuildFile; fileRef = E628868B1E5EC73B00F19D20 /* AppDelegate.m */; };
		E628868F1E5EC73B00F19D20 /* ViewController.m in Sources */ = {isa = PBXBuildFile; fileRef = E628868E1E5EC73B00F19D20 /* ViewController.m */; };
		E62886921E5EC73B00F19D20 /* Main.storyboard in Resources */ = {isa = PBXBuildFile; fileRef = E62886901E5EC73B00F19D20 /* Main.storyboard */; };
		E62886941E5EC73B00F19D20 /* Assets.xcassets in Resources */ = {isa = PBXBuildFile; fileRef = E62886931E5EC73B00F19D20 /* Assets.xcassets */; };
		E62886971E5EC73B00F19D20 /* LaunchScreen.storyboard in Resources */ = {isa = PBXBuildFile; fileRef = E62886951E5EC73B00F19D20 /* LaunchScreen.storyboard */; };
		E62886A21E5EC73B00F19D20 /* SFPhotoPickerTests.m in Sources */ = {isa = PBXBuildFile; fileRef = E62886A11E5EC73B00F19D20 /* SFPhotoPickerTests.m */; };
		E62886AD1E5EC73B00F19D20 /* SFPhotoPickerUITests.m in Sources */ = {isa = PBXBuildFile; fileRef = E62886AC1E5EC73B00F19D20 /* SFPhotoPickerUITests.m */; };
		E62886BE1E5ED64000F19D20 /* SFPhotoPickerTool.m in Sources */ = {isa = PBXBuildFile; fileRef = E62886BD1E5ED64000F19D20 /* SFPhotoPickerTool.m */; };
		E62886C21E5EDD7D00F19D20 /* SFPhotoAlbumInfoModel.m in Sources */ = {isa = PBXBuildFile; fileRef = E62886C11E5EDD7D00F19D20 /* SFPhotoAlbumInfoModel.m */; };
		E62886D81E61D32C00F19D20 /* MBProgressHUD.m in Sources */ = {isa = PBXBuildFile; fileRef = E62886D61E61D32C00F19D20 /* MBProgressHUD.m */; };
		E62886F31E61D3C000F19D20 /* MASCompositeConstraint.m in Sources */ = {isa = PBXBuildFile; fileRef = E62886DB1E61D3C000F19D20 /* MASCompositeConstraint.m */; };
		E62886F41E61D3C000F19D20 /* MASConstraint.m in Sources */ = {isa = PBXBuildFile; fileRef = E62886DE1E61D3C000F19D20 /* MASConstraint.m */; };
		E62886F51E61D3C000F19D20 /* MASConstraintMaker.m in Sources */ = {isa = PBXBuildFile; fileRef = E62886E01E61D3C000F19D20 /* MASConstraintMaker.m */; };
		E62886F61E61D3C000F19D20 /* MASLayoutConstraint.m in Sources */ = {isa = PBXBuildFile; fileRef = E62886E21E61D3C000F19D20 /* MASLayoutConstraint.m */; };
		E62886F71E61D3C000F19D20 /* MASViewAttribute.m in Sources */ = {isa = PBXBuildFile; fileRef = E62886E61E61D3C000F19D20 /* MASViewAttribute.m */; };
		E62886F81E61D3C000F19D20 /* MASViewConstraint.m in Sources */ = {isa = PBXBuildFile; fileRef = E62886E81E61D3C000F19D20 /* MASViewConstraint.m */; };
		E62886F91E61D3C000F19D20 /* NSArray+MASAdditions.m in Sources */ = {isa = PBXBuildFile; fileRef = E62886EA1E61D3C000F19D20 /* NSArray+MASAdditions.m */; };
		E62886FA1E61D3C000F19D20 /* NSLayoutConstraint+MASDebugAdditions.m in Sources */ = {isa = PBXBuildFile; fileRef = E62886ED1E61D3C000F19D20 /* NSLayoutConstraint+MASDebugAdditions.m */; };
		E62886FB1E61D3C000F19D20 /* View+MASAdditions.m in Sources */ = {isa = PBXBuildFile; fileRef = E62886EF1E61D3C000F19D20 /* View+MASAdditions.m */; };
		E62886FC1E61D3C000F19D20 /* ViewController+MASAdditions.m in Sources */ = {isa = PBXBuildFile; fileRef = E62886F21E61D3C000F19D20 /* ViewController+MASAdditions.m */; };
		E62886FF1E61D60B00F19D20 /* SFThridMethod.m in Sources */ = {isa = PBXBuildFile; fileRef = E62886FE1E61D60B00F19D20 /* SFThridMethod.m */; };
		E62887021E61DD6500F19D20 /* SFPhotoAlbumListViewController.m in Sources */ = {isa = PBXBuildFile; fileRef = E62887011E61DD6500F19D20 /* SFPhotoAlbumListViewController.m */; };
		E62887081E62590F00F19D20 /* SFPhotoPickerAlbumListTableViewCell.m in Sources */ = {isa = PBXBuildFile; fileRef = E62887071E62590F00F19D20 /* SFPhotoPickerAlbumListTableViewCell.m */; };
		E6CB2F8E1E640002001368C2 /* SFPhotoPickerImageSmallCollectionViewCell.m in Sources */ = {isa = PBXBuildFile; fileRef = E6CB2F8D1E640002001368C2 /* SFPhotoPickerImageSmallCollectionViewCell.m */; };
		E6CB2F911E640226001368C2 /* SFPhotoAssetInfoModel.m in Sources */ = {isa = PBXBuildFile; fileRef = E6CB2F901E640226001368C2 /* SFPhotoAssetInfoModel.m */; };
/* End PBXBuildFile section */

/* Begin PBXContainerItemProxy section */
		E628869E1E5EC73B00F19D20 /* PBXContainerItemProxy */ = {
			isa = PBXContainerItemProxy;
			containerPortal = E628867C1E5EC73A00F19D20 /* Project object */;
			proxyType = 1;
			remoteGlobalIDString = E62886831E5EC73B00F19D20;
			remoteInfo = SFPhotoPicker;
		};
		E62886A91E5EC73B00F19D20 /* PBXContainerItemProxy */ = {
			isa = PBXContainerItemProxy;
			containerPortal = E628867C1E5EC73A00F19D20 /* Project object */;
			proxyType = 1;
			remoteGlobalIDString = E62886831E5EC73B00F19D20;
			remoteInfo = SFPhotoPicker;
		};
/* End PBXContainerItemProxy section */

/* Begin PBXFileReference section */
		E62886841E5EC73B00F19D20 /* SFPhotoPicker.app */ = {isa = PBXFileReference; explicitFileType = wrapper.application; includeInIndex = 0; path = SFPhotoPicker.app; sourceTree = BUILT_PRODUCTS_DIR; };
		E62886881E5EC73B00F19D20 /* main.m */ = {isa = PBXFileReference; lastKnownFileType = sourcecode.c.objc; path = main.m; sourceTree = "<group>"; };
		E628868A1E5EC73B00F19D20 /* AppDelegate.h */ = {isa = PBXFileReference; lastKnownFileType = sourcecode.c.h; path = AppDelegate.h; sourceTree = "<group>"; };
		E628868B1E5EC73B00F19D20 /* AppDelegate.m */ = {isa = PBXFileReference; lastKnownFileType = sourcecode.c.objc; path = AppDelegate.m; sourceTree = "<group>"; };
		E628868D1E5EC73B00F19D20 /* ViewController.h */ = {isa = PBXFileReference; lastKnownFileType = sourcecode.c.h; path = ViewController.h; sourceTree = "<group>"; };
		E628868E1E5EC73B00F19D20 /* ViewController.m */ = {isa = PBXFileReference; lastKnownFileType = sourcecode.c.objc; path = ViewController.m; sourceTree = "<group>"; };
		E62886911E5EC73B00F19D20 /* Base */ = {isa = PBXFileReference; lastKnownFileType = file.storyboard; name = Base; path = Base.lproj/Main.storyboard; sourceTree = "<group>"; };
		E62886931E5EC73B00F19D20 /* Assets.xcassets */ = {isa = PBXFileReference; lastKnownFileType = folder.assetcatalog; path = Assets.xcassets; sourceTree = "<group>"; };
		E62886961E5EC73B00F19D20 /* Base */ = {isa = PBXFileReference; lastKnownFileType = file.storyboard; name = Base; path = Base.lproj/LaunchScreen.storyboard; sourceTree = "<group>"; };
		E62886981E5EC73B00F19D20 /* Info.plist */ = {isa = PBXFileReference; lastKnownFileType = text.plist.xml; path = Info.plist; sourceTree = "<group>"; };
		E628869D1E5EC73B00F19D20 /* SFPhotoPickerTests.xctest */ = {isa = PBXFileReference; explicitFileType = wrapper.cfbundle; includeInIndex = 0; path = SFPhotoPickerTests.xctest; sourceTree = BUILT_PRODUCTS_DIR; };
		E62886A11E5EC73B00F19D20 /* SFPhotoPickerTests.m */ = {isa = PBXFileReference; lastKnownFileType = sourcecode.c.objc; path = SFPhotoPickerTests.m; sourceTree = "<group>"; };
		E62886A31E5EC73B00F19D20 /* Info.plist */ = {isa = PBXFileReference; lastKnownFileType = text.plist.xml; path = Info.plist; sourceTree = "<group>"; };
		E62886A81E5EC73B00F19D20 /* SFPhotoPickerUITests.xctest */ = {isa = PBXFileReference; explicitFileType = wrapper.cfbundle; includeInIndex = 0; path = SFPhotoPickerUITests.xctest; sourceTree = BUILT_PRODUCTS_DIR; };
		E62886AC1E5EC73B00F19D20 /* SFPhotoPickerUITests.m */ = {isa = PBXFileReference; lastKnownFileType = sourcecode.c.objc; path = SFPhotoPickerUITests.m; sourceTree = "<group>"; };
		E62886AE1E5EC73B00F19D20 /* Info.plist */ = {isa = PBXFileReference; lastKnownFileType = text.plist.xml; path = Info.plist; sourceTree = "<group>"; };
		E62886BC1E5ED64000F19D20 /* SFPhotoPickerTool.h */ = {isa = PBXFileReference; fileEncoding = 4; lastKnownFileType = sourcecode.c.h; path = SFPhotoPickerTool.h; sourceTree = "<group>"; };
		E62886BD1E5ED64000F19D20 /* SFPhotoPickerTool.m */ = {isa = PBXFileReference; fileEncoding = 4; lastKnownFileType = sourcecode.c.objc; path = SFPhotoPickerTool.m; sourceTree = "<group>"; };
		E62886C01E5EDD7D00F19D20 /* SFPhotoAlbumInfoModel.h */ = {isa = PBXFileReference; fileEncoding = 4; lastKnownFileType = sourcecode.c.h; path = SFPhotoAlbumInfoModel.h; sourceTree = "<group>"; };
		E62886C11E5EDD7D00F19D20 /* SFPhotoAlbumInfoModel.m */ = {isa = PBXFileReference; fileEncoding = 4; lastKnownFileType = sourcecode.c.objc; path = SFPhotoAlbumInfoModel.m; sourceTree = "<group>"; };
		E62886D51E61D32C00F19D20 /* MBProgressHUD.h */ = {isa = PBXFileReference; fileEncoding = 4; lastKnownFileType = sourcecode.c.h; path = MBProgressHUD.h; sourceTree = "<group>"; };
		E62886D61E61D32C00F19D20 /* MBProgressHUD.m */ = {isa = PBXFileReference; fileEncoding = 4; lastKnownFileType = sourcecode.c.objc; path = MBProgressHUD.m; sourceTree = "<group>"; };
		E62886DA1E61D3C000F19D20 /* MASCompositeConstraint.h */ = {isa = PBXFileReference; fileEncoding = 4; lastKnownFileType = sourcecode.c.h; path = MASCompositeConstraint.h; sourceTree = "<group>"; };
		E62886DB1E61D3C000F19D20 /* MASCompositeConstraint.m */ = {isa = PBXFileReference; fileEncoding = 4; lastKnownFileType = sourcecode.c.objc; path = MASCompositeConstraint.m; sourceTree = "<group>"; };
		E62886DC1E61D3C000F19D20 /* MASConstraint+Private.h */ = {isa = PBXFileReference; fileEncoding = 4; lastKnownFileType = sourcecode.c.h; path = "MASConstraint+Private.h"; sourceTree = "<group>"; };
		E62886DD1E61D3C000F19D20 /* MASConstraint.h */ = {isa = PBXFileReference; fileEncoding = 4; lastKnownFileType = sourcecode.c.h; path = MASConstraint.h; sourceTree = "<group>"; };
		E62886DE1E61D3C000F19D20 /* MASConstraint.m */ = {isa = PBXFileReference; fileEncoding = 4; lastKnownFileType = sourcecode.c.objc; path = MASConstraint.m; sourceTree = "<group>"; };
		E62886DF1E61D3C000F19D20 /* MASConstraintMaker.h */ = {isa = PBXFileReference; fileEncoding = 4; lastKnownFileType = sourcecode.c.h; path = MASConstraintMaker.h; sourceTree = "<group>"; };
		E62886E01E61D3C000F19D20 /* MASConstraintMaker.m */ = {isa = PBXFileReference; fileEncoding = 4; lastKnownFileType = sourcecode.c.objc; path = MASConstraintMaker.m; sourceTree = "<group>"; };
		E62886E11E61D3C000F19D20 /* MASLayoutConstraint.h */ = {isa = PBXFileReference; fileEncoding = 4; lastKnownFileType = sourcecode.c.h; path = MASLayoutConstraint.h; sourceTree = "<group>"; };
		E62886E21E61D3C000F19D20 /* MASLayoutConstraint.m */ = {isa = PBXFileReference; fileEncoding = 4; lastKnownFileType = sourcecode.c.objc; path = MASLayoutConstraint.m; sourceTree = "<group>"; };
		E62886E31E61D3C000F19D20 /* Masonry.h */ = {isa = PBXFileReference; fileEncoding = 4; lastKnownFileType = sourcecode.c.h; path = Masonry.h; sourceTree = "<group>"; };
		E62886E41E61D3C000F19D20 /* MASUtilities.h */ = {isa = PBXFileReference; fileEncoding = 4; lastKnownFileType = sourcecode.c.h; path = MASUtilities.h; sourceTree = "<group>"; };
		E62886E51E61D3C000F19D20 /* MASViewAttribute.h */ = {isa = PBXFileReference; fileEncoding = 4; lastKnownFileType = sourcecode.c.h; path = MASViewAttribute.h; sourceTree = "<group>"; };
		E62886E61E61D3C000F19D20 /* MASViewAttribute.m */ = {isa = PBXFileReference; fileEncoding = 4; lastKnownFileType = sourcecode.c.objc; path = MASViewAttribute.m; sourceTree = "<group>"; };
		E62886E71E61D3C000F19D20 /* MASViewConstraint.h */ = {isa = PBXFileReference; fileEncoding = 4; lastKnownFileType = sourcecode.c.h; path = MASViewConstraint.h; sourceTree = "<group>"; };
		E62886E81E61D3C000F19D20 /* MASViewConstraint.m */ = {isa = PBXFileReference; fileEncoding = 4; lastKnownFileType = sourcecode.c.objc; path = MASViewConstraint.m; sourceTree = "<group>"; };
		E62886E91E61D3C000F19D20 /* NSArray+MASAdditions.h */ = {isa = PBXFileReference; fileEncoding = 4; lastKnownFileType = sourcecode.c.h; path = "NSArray+MASAdditions.h"; sourceTree = "<group>"; };
		E62886EA1E61D3C000F19D20 /* NSArray+MASAdditions.m */ = {isa = PBXFileReference; fileEncoding = 4; lastKnownFileType = sourcecode.c.objc; path = "NSArray+MASAdditions.m"; sourceTree = "<group>"; };
		E62886EB1E61D3C000F19D20 /* NSArray+MASShorthandAdditions.h */ = {isa = PBXFileReference; fileEncoding = 4; lastKnownFileType = sourcecode.c.h; path = "NSArray+MASShorthandAdditions.h"; sourceTree = "<group>"; };
		E62886EC1E61D3C000F19D20 /* NSLayoutConstraint+MASDebugAdditions.h */ = {isa = PBXFileReference; fileEncoding = 4; lastKnownFileType = sourcecode.c.h; path = "NSLayoutConstraint+MASDebugAdditions.h"; sourceTree = "<group>"; };
		E62886ED1E61D3C000F19D20 /* NSLayoutConstraint+MASDebugAdditions.m */ = {isa = PBXFileReference; fileEncoding = 4; lastKnownFileType = sourcecode.c.objc; path = "NSLayoutConstraint+MASDebugAdditions.m"; sourceTree = "<group>"; };
		E62886EE1E61D3C000F19D20 /* View+MASAdditions.h */ = {isa = PBXFileReference; fileEncoding = 4; lastKnownFileType = sourcecode.c.h; path = "View+MASAdditions.h"; sourceTree = "<group>"; };
		E62886EF1E61D3C000F19D20 /* View+MASAdditions.m */ = {isa = PBXFileReference; fileEncoding = 4; lastKnownFileType = sourcecode.c.objc; path = "View+MASAdditions.m"; sourceTree = "<group>"; };
		E62886F01E61D3C000F19D20 /* View+MASShorthandAdditions.h */ = {isa = PBXFileReference; fileEncoding = 4; lastKnownFileType = sourcecode.c.h; path = "View+MASShorthandAdditions.h"; sourceTree = "<group>"; };
		E62886F11E61D3C000F19D20 /* ViewController+MASAdditions.h */ = {isa = PBXFileReference; fileEncoding = 4; lastKnownFileType = sourcecode.c.h; path = "ViewController+MASAdditions.h"; sourceTree = "<group>"; };
		E62886F21E61D3C000F19D20 /* ViewController+MASAdditions.m */ = {isa = PBXFileReference; fileEncoding = 4; lastKnownFileType = sourcecode.c.objc; path = "ViewController+MASAdditions.m"; sourceTree = "<group>"; };
		E62886FD1E61D60B00F19D20 /* SFThridMethod.h */ = {isa = PBXFileReference; fileEncoding = 4; lastKnownFileType = sourcecode.c.h; path = SFThridMethod.h; sourceTree = "<group>"; };
		E62886FE1E61D60B00F19D20 /* SFThridMethod.m */ = {isa = PBXFileReference; fileEncoding = 4; lastKnownFileType = sourcecode.c.objc; path = SFThridMethod.m; sourceTree = "<group>"; };
		E62887001E61DD6500F19D20 /* SFPhotoAlbumListViewController.h */ = {isa = PBXFileReference; fileEncoding = 4; lastKnownFileType = sourcecode.c.h; path = SFPhotoAlbumListViewController.h; sourceTree = "<group>"; };
		E62887011E61DD6500F19D20 /* SFPhotoAlbumListViewController.m */ = {isa = PBXFileReference; fileEncoding = 4; lastKnownFileType = sourcecode.c.objc; path = SFPhotoAlbumListViewController.m; sourceTree = "<group>"; };
		E62887031E62578600F19D20 /* SFPhotoPickerHelper.pch */ = {isa = PBXFileReference; fileEncoding = 4; lastKnownFileType = sourcecode.c.h; path = SFPhotoPickerHelper.pch; sourceTree = "<group>"; };
		E62887041E62582F00F19D20 /* SFPhotoPickerHeader.h */ = {isa = PBXFileReference; fileEncoding = 4; lastKnownFileType = sourcecode.c.h; path = SFPhotoPickerHeader.h; sourceTree = "<group>"; };
		E62887061E62590F00F19D20 /* SFPhotoPickerAlbumListTableViewCell.h */ = {isa = PBXFileReference; fileEncoding = 4; lastKnownFileType = sourcecode.c.h; path = SFPhotoPickerAlbumListTableViewCell.h; sourceTree = "<group>"; };
		E62887071E62590F00F19D20 /* SFPhotoPickerAlbumListTableViewCell.m */ = {isa = PBXFileReference; fileEncoding = 4; lastKnownFileType = sourcecode.c.objc; path = SFPhotoPickerAlbumListTableViewCell.m; sourceTree = "<group>"; };
		E6CB2F8C1E640002001368C2 /* SFPhotoPickerImageSmallCollectionViewCell.h */ = {isa = PBXFileReference; fileEncoding = 4; lastKnownFileType = sourcecode.c.h; path = SFPhotoPickerImageSmallCollectionViewCell.h; sourceTree = "<group>"; };
		E6CB2F8D1E640002001368C2 /* SFPhotoPickerImageSmallCollectionViewCell.m */ = {isa = PBXFileReference; fileEncoding = 4; lastKnownFileType = sourcecode.c.objc; path = SFPhotoPickerImageSmallCollectionViewCell.m; sourceTree = "<group>"; };
		E6CB2F8F1E640226001368C2 /* SFPhotoAssetInfoModel.h */ = {isa = PBXFileReference; fileEncoding = 4; lastKnownFileType = sourcecode.c.h; path = SFPhotoAssetInfoModel.h; sourceTree = "<group>"; };
		E6CB2F901E640226001368C2 /* SFPhotoAssetInfoModel.m */ = {isa = PBXFileReference; fileEncoding = 4; lastKnownFileType = sourcecode.c.objc; path = SFPhotoAssetInfoModel.m; sourceTree = "<group>"; };
/* End PBXFileReference section */

/* Begin PBXFrameworksBuildPhase section */
		E62886811E5EC73B00F19D20 /* Frameworks */ = {
			isa = PBXFrameworksBuildPhase;
			buildActionMask = 2147483647;
			files = (
			);
			runOnlyForDeploymentPostprocessing = 0;
		};
		E628869A1E5EC73B00F19D20 /* Frameworks */ = {
			isa = PBXFrameworksBuildPhase;
			buildActionMask = 2147483647;
			files = (
			);
			runOnlyForDeploymentPostprocessing = 0;
		};
		E62886A51E5EC73B00F19D20 /* Frameworks */ = {
			isa = PBXFrameworksBuildPhase;
			buildActionMask = 2147483647;
			files = (
			);
			runOnlyForDeploymentPostprocessing = 0;
		};
/* End PBXFrameworksBuildPhase section */

/* Begin PBXGroup section */
		E628867B1E5EC73A00F19D20 = {
			isa = PBXGroup;
			children = (
				E62886861E5EC73B00F19D20 /* SFPhotoPicker */,
				E62886A01E5EC73B00F19D20 /* SFPhotoPickerTests */,
				E62886AB1E5EC73B00F19D20 /* SFPhotoPickerUITests */,
				E62886851E5EC73B00F19D20 /* Products */,
			);
			sourceTree = "<group>";
		};
		E62886851E5EC73B00F19D20 /* Products */ = {
			isa = PBXGroup;
			children = (
				E62886841E5EC73B00F19D20 /* SFPhotoPicker.app */,
				E628869D1E5EC73B00F19D20 /* SFPhotoPickerTests.xctest */,
				E62886A81E5EC73B00F19D20 /* SFPhotoPickerUITests.xctest */,
			);
			name = Products;
			sourceTree = "<group>";
		};
		E62886861E5EC73B00F19D20 /* SFPhotoPicker */ = {
			isa = PBXGroup;
			children = (
				E62886D11E61D32C00F19D20 /* ThridTool */,
				E62886BA1E5ED61E00F19D20 /* SFPhotoMain */,
				E628868A1E5EC73B00F19D20 /* AppDelegate.h */,
				E628868B1E5EC73B00F19D20 /* AppDelegate.m */,
				E628868D1E5EC73B00F19D20 /* ViewController.h */,
				E628868E1E5EC73B00F19D20 /* ViewController.m */,
				E62887031E62578600F19D20 /* SFPhotoPickerHelper.pch */,
				E62887041E62582F00F19D20 /* SFPhotoPickerHeader.h */,
				E62886901E5EC73B00F19D20 /* Main.storyboard */,
				E62886931E5EC73B00F19D20 /* Assets.xcassets */,
				E62886951E5EC73B00F19D20 /* LaunchScreen.storyboard */,
				E62886981E5EC73B00F19D20 /* Info.plist */,
				E62886871E5EC73B00F19D20 /* Supporting Files */,
			);
			path = SFPhotoPicker;
			sourceTree = "<group>";
		};
		E62886871E5EC73B00F19D20 /* Supporting Files */ = {
			isa = PBXGroup;
			children = (
				E62886881E5EC73B00F19D20 /* main.m */,
			);
			name = "Supporting Files";
			sourceTree = "<group>";
		};
		E62886A01E5EC73B00F19D20 /* SFPhotoPickerTests */ = {
			isa = PBXGroup;
			children = (
				E62886A11E5EC73B00F19D20 /* SFPhotoPickerTests.m */,
				E62886A31E5EC73B00F19D20 /* Info.plist */,
			);
			path = SFPhotoPickerTests;
			sourceTree = "<group>";
		};
		E62886AB1E5EC73B00F19D20 /* SFPhotoPickerUITests */ = {
			isa = PBXGroup;
			children = (
				E62886AC1E5EC73B00F19D20 /* SFPhotoPickerUITests.m */,
				E62886AE1E5EC73B00F19D20 /* Info.plist */,
			);
			path = SFPhotoPickerUITests;
			sourceTree = "<group>";
		};
		E62886BA1E5ED61E00F19D20 /* SFPhotoMain */ = {
			isa = PBXGroup;
			children = (
				E62886C31E601E4500F19D20 /* SFPhotoPicker */,
				E62886BF1E5EDD6800F19D20 /* SFPhotoModel */,
				E62886BB1E5ED61E00F19D20 /* SFPhotoTool */,
			);
			path = SFPhotoMain;
			sourceTree = "<group>";
		};
		E62886BB1E5ED61E00F19D20 /* SFPhotoTool */ = {
			isa = PBXGroup;
			children = (
				E62886BC1E5ED64000F19D20 /* SFPhotoPickerTool.h */,
				E62886BD1E5ED64000F19D20 /* SFPhotoPickerTool.m */,
			);
			path = SFPhotoTool;
			sourceTree = "<group>";
		};
		E62886BF1E5EDD6800F19D20 /* SFPhotoModel */ = {
			isa = PBXGroup;
			children = (
				E62886C01E5EDD7D00F19D20 /* SFPhotoAlbumInfoModel.h */,
				E62886C11E5EDD7D00F19D20 /* SFPhotoAlbumInfoModel.m */,
				E6CB2F8F1E640226001368C2 /* SFPhotoAssetInfoModel.h */,
				E6CB2F901E640226001368C2 /* SFPhotoAssetInfoModel.m */,
			);
			path = SFPhotoModel;
			sourceTree = "<group>";
		};
		E62886C31E601E4500F19D20 /* SFPhotoPicker */ = {
			isa = PBXGroup;
			children = (
				E62886C41E601E4500F19D20 /* controller */,
				E62886C51E601E4500F19D20 /* view */,
			);
			path = SFPhotoPicker;
			sourceTree = "<group>";
		};
		E62886C41E601E4500F19D20 /* controller */ = {
			isa = PBXGroup;
			children = (
				E62887001E61DD6500F19D20 /* SFPhotoAlbumListViewController.h */,
				E62887011E61DD6500F19D20 /* SFPhotoAlbumListViewController.m */,
			);
			path = controller;
			sourceTree = "<group>";
		};
		E62886C51E601E4500F19D20 /* view */ = {
			isa = PBXGroup;
			children = (
				E6CB2F8B1E63FFD9001368C2 /* albumImageCell */,
				E62887051E6258EB00F19D20 /* albumListCell */,
			);
			path = view;
			sourceTree = "<group>";
		};
		E62886D11E61D32C00F19D20 /* ThridTool */ = {
			isa = PBXGroup;
			children = (
				E62886D91E61D3C000F19D20 /* Masonry */,
				E62886D21E61D32C00F19D20 /* MBProgressHUD */,
				E62886FD1E61D60B00F19D20 /* SFThridMethod.h */,
				E62886FE1E61D60B00F19D20 /* SFThridMethod.m */,
			);
			path = ThridTool;
			sourceTree = "<group>";
		};
		E62886D21E61D32C00F19D20 /* MBProgressHUD */ = {
			isa = PBXGroup;
			children = (
				E62886D51E61D32C00F19D20 /* MBProgressHUD.h */,
				E62886D61E61D32C00F19D20 /* MBProgressHUD.m */,
			);
			path = MBProgressHUD;
			sourceTree = "<group>";
		};
		E62886D91E61D3C000F19D20 /* Masonry */ = {
			isa = PBXGroup;
			children = (
				E62886DA1E61D3C000F19D20 /* MASCompositeConstraint.h */,
				E62886DB1E61D3C000F19D20 /* MASCompositeConstraint.m */,
				E62886DC1E61D3C000F19D20 /* MASConstraint+Private.h */,
				E62886DD1E61D3C000F19D20 /* MASConstraint.h */,
				E62886DE1E61D3C000F19D20 /* MASConstraint.m */,
				E62886DF1E61D3C000F19D20 /* MASConstraintMaker.h */,
				E62886E01E61D3C000F19D20 /* MASConstraintMaker.m */,
				E62886E11E61D3C000F19D20 /* MASLayoutConstraint.h */,
				E62886E21E61D3C000F19D20 /* MASLayoutConstraint.m */,
				E62886E31E61D3C000F19D20 /* Masonry.h */,
				E62886E41E61D3C000F19D20 /* MASUtilities.h */,
				E62886E51E61D3C000F19D20 /* MASViewAttribute.h */,
				E62886E61E61D3C000F19D20 /* MASViewAttribute.m */,
				E62886E71E61D3C000F19D20 /* MASViewConstraint.h */,
				E62886E81E61D3C000F19D20 /* MASViewConstraint.m */,
				E62886E91E61D3C000F19D20 /* NSArray+MASAdditions.h */,
				E62886EA1E61D3C000F19D20 /* NSArray+MASAdditions.m */,
				E62886EB1E61D3C000F19D20 /* NSArray+MASShorthandAdditions.h */,
				E62886EC1E61D3C000F19D20 /* NSLayoutConstraint+MASDebugAdditions.h */,
				E62886ED1E61D3C000F19D20 /* NSLayoutConstraint+MASDebugAdditions.m */,
				E62886EE1E61D3C000F19D20 /* View+MASAdditions.h */,
				E62886EF1E61D3C000F19D20 /* View+MASAdditions.m */,
				E62886F01E61D3C000F19D20 /* View+MASShorthandAdditions.h */,
				E62886F11E61D3C000F19D20 /* ViewController+MASAdditions.h */,
				E62886F21E61D3C000F19D20 /* ViewController+MASAdditions.m */,
			);
			path = Masonry;
			sourceTree = "<group>";
		};
		E62887051E6258EB00F19D20 /* albumListCell */ = {
			isa = PBXGroup;
			children = (
				E62887061E62590F00F19D20 /* SFPhotoPickerAlbumListTableViewCell.h */,
				E62887071E62590F00F19D20 /* SFPhotoPickerAlbumListTableViewCell.m */,
			);
			path = albumListCell;
			sourceTree = "<group>";
		};
		E6CB2F8B1E63FFD9001368C2 /* albumImageCell */ = {
			isa = PBXGroup;
			children = (
				E6CB2F8C1E640002001368C2 /* SFPhotoPickerImageSmallCollectionViewCell.h */,
				E6CB2F8D1E640002001368C2 /* SFPhotoPickerImageSmallCollectionViewCell.m */,
			);
			path = albumImageCell;
			sourceTree = "<group>";
		};
/* End PBXGroup section */

/* Begin PBXNativeTarget section */
		E62886831E5EC73B00F19D20 /* SFPhotoPicker */ = {
			isa = PBXNativeTarget;
			buildConfigurationList = E62886B11E5EC73B00F19D20 /* Build configuration list for PBXNativeTarget "SFPhotoPicker" */;
			buildPhases = (
				E62886801E5EC73B00F19D20 /* Sources */,
				E62886811E5EC73B00F19D20 /* Frameworks */,
				E62886821E5EC73B00F19D20 /* Resources */,
			);
			buildRules = (
			);
			dependencies = (
			);
			name = SFPhotoPicker;
			productName = SFPhotoPicker;
			productReference = E62886841E5EC73B00F19D20 /* SFPhotoPicker.app */;
			productType = "com.apple.product-type.application";
		};
		E628869C1E5EC73B00F19D20 /* SFPhotoPickerTests */ = {
			isa = PBXNativeTarget;
			buildConfigurationList = E62886B41E5EC73B00F19D20 /* Build configuration list for PBXNativeTarget "SFPhotoPickerTests" */;
			buildPhases = (
				E62886991E5EC73B00F19D20 /* Sources */,
				E628869A1E5EC73B00F19D20 /* Frameworks */,
				E628869B1E5EC73B00F19D20 /* Resources */,
			);
			buildRules = (
			);
			dependencies = (
				E628869F1E5EC73B00F19D20 /* PBXTargetDependency */,
			);
			name = SFPhotoPickerTests;
			productName = SFPhotoPickerTests;
			productReference = E628869D1E5EC73B00F19D20 /* SFPhotoPickerTests.xctest */;
			productType = "com.apple.product-type.bundle.unit-test";
		};
		E62886A71E5EC73B00F19D20 /* SFPhotoPickerUITests */ = {
			isa = PBXNativeTarget;
			buildConfigurationList = E62886B71E5EC73B00F19D20 /* Build configuration list for PBXNativeTarget "SFPhotoPickerUITests" */;
			buildPhases = (
				E62886A41E5EC73B00F19D20 /* Sources */,
				E62886A51E5EC73B00F19D20 /* Frameworks */,
				E62886A61E5EC73B00F19D20 /* Resources */,
			);
			buildRules = (
			);
			dependencies = (
				E62886AA1E5EC73B00F19D20 /* PBXTargetDependency */,
			);
			name = SFPhotoPickerUITests;
			productName = SFPhotoPickerUITests;
			productReference = E62886A81E5EC73B00F19D20 /* SFPhotoPickerUITests.xctest */;
			productType = "com.apple.product-type.bundle.ui-testing";
		};
/* End PBXNativeTarget section */

/* Begin PBXProject section */
		E628867C1E5EC73A00F19D20 /* Project object */ = {
			isa = PBXProject;
			attributes = {
				LastUpgradeCheck = 0820;
				ORGANIZATIONNAME = lsf;
				TargetAttributes = {
					E62886831E5EC73B00F19D20 = {
						CreatedOnToolsVersion = 8.2.1;
						DevelopmentTeam = AR3398K2DD;
						ProvisioningStyle = Automatic;
					};
					E628869C1E5EC73B00F19D20 = {
						CreatedOnToolsVersion = 8.2.1;
						ProvisioningStyle = Automatic;
						TestTargetID = E62886831E5EC73B00F19D20;
					};
					E62886A71E5EC73B00F19D20 = {
						CreatedOnToolsVersion = 8.2.1;
						ProvisioningStyle = Automatic;
						TestTargetID = E62886831E5EC73B00F19D20;
					};
				};
			};
			buildConfigurationList = E628867F1E5EC73A00F19D20 /* Build configuration list for PBXProject "SFPhotoPicker" */;
			compatibilityVersion = "Xcode 3.2";
			developmentRegion = English;
			hasScannedForEncodings = 0;
			knownRegions = (
				en,
				Base,
			);
			mainGroup = E628867B1E5EC73A00F19D20;
			productRefGroup = E62886851E5EC73B00F19D20 /* Products */;
			projectDirPath = "";
			projectRoot = "";
			targets = (
				E62886831E5EC73B00F19D20 /* SFPhotoPicker */,
				E628869C1E5EC73B00F19D20 /* SFPhotoPickerTests */,
				E62886A71E5EC73B00F19D20 /* SFPhotoPickerUITests */,
			);
		};
/* End PBXProject section */

/* Begin PBXResourcesBuildPhase section */
		E62886821E5EC73B00F19D20 /* Resources */ = {
			isa = PBXResourcesBuildPhase;
			buildActionMask = 2147483647;
			files = (
				E62886971E5EC73B00F19D20 /* LaunchScreen.storyboard in Resources */,
				E62886941E5EC73B00F19D20 /* Assets.xcassets in Resources */,
				E62886921E5EC73B00F19D20 /* Main.storyboard in Resources */,
			);
			runOnlyForDeploymentPostprocessing = 0;
		};
		E628869B1E5EC73B00F19D20 /* Resources */ = {
			isa = PBXResourcesBuildPhase;
			buildActionMask = 2147483647;
			files = (
			);
			runOnlyForDeploymentPostprocessing = 0;
		};
		E62886A61E5EC73B00F19D20 /* Resources */ = {
			isa = PBXResourcesBuildPhase;
			buildActionMask = 2147483647;
			files = (
			);
			runOnlyForDeploymentPostprocessing = 0;
		};
/* End PBXResourcesBuildPhase section */

/* Begin PBXSourcesBuildPhase section */
		E62886801E5EC73B00F19D20 /* Sources */ = {
			isa = PBXSourcesBuildPhase;
			buildActionMask = 2147483647;
			files = (
				E62886F91E61D3C000F19D20 /* NSArray+MASAdditions.m in Sources */,
				E62886F81E61D3C000F19D20 /* MASViewConstraint.m in Sources */,
				E62886F51E61D3C000F19D20 /* MASConstraintMaker.m in Sources */,
				E62886FB1E61D3C000F19D20 /* View+MASAdditions.m in Sources */,
				E6CB2F911E640226001368C2 /* SFPhotoAssetInfoModel.m in Sources */,
				E628868F1E5EC73B00F19D20 /* ViewController.m in Sources */,
				E62886F41E61D3C000F19D20 /* MASConstraint.m in Sources */,
				E6CB2F8E1E640002001368C2 /* SFPhotoPickerImageSmallCollectionViewCell.m in Sources */,
				E62887081E62590F00F19D20 /* SFPhotoPickerAlbumListTableViewCell.m in Sources */,
				E62886BE1E5ED64000F19D20 /* SFPhotoPickerTool.m in Sources */,
				E62886F71E61D3C000F19D20 /* MASViewAttribute.m in Sources */,
				E62886FA1E61D3C000F19D20 /* NSLayoutConstraint+MASDebugAdditions.m in Sources */,
				E628868C1E5EC73B00F19D20 /* AppDelegate.m in Sources */,
				E62886F31E61D3C000F19D20 /* MASCompositeConstraint.m in Sources */,
				E62887021E61DD6500F19D20 /* SFPhotoAlbumListViewController.m in Sources */,
				E62886F61E61D3C000F19D20 /* MASLayoutConstraint.m in Sources */,
				E62886891E5EC73B00F19D20 /* main.m in Sources */,
				E62886C21E5EDD7D00F19D20 /* SFPhotoAlbumInfoModel.m in Sources */,
				E62886FF1E61D60B00F19D20 /* SFThridMethod.m in Sources */,
				E62886FC1E61D3C000F19D20 /* ViewController+MASAdditions.m in Sources */,
				E62886D81E61D32C00F19D20 /* MBProgressHUD.m in Sources */,
			);
			runOnlyForDeploymentPostprocessing = 0;
		};
		E62886991E5EC73B00F19D20 /* Sources */ = {
			isa = PBXSourcesBuildPhase;
			buildActionMask = 2147483647;
			files = (
				E62886A21E5EC73B00F19D20 /* SFPhotoPickerTests.m in Sources */,
			);
			runOnlyForDeploymentPostprocessing = 0;
		};
		E62886A41E5EC73B00F19D20 /* Sources */ = {
			isa = PBXSourcesBuildPhase;
			buildActionMask = 2147483647;
			files = (
				E62886AD1E5EC73B00F19D20 /* SFPhotoPickerUITests.m in Sources */,
			);
			runOnlyForDeploymentPostprocessing = 0;
		};
/* End PBXSourcesBuildPhase section */

/* Begin PBXTargetDependency section */
		E628869F1E5EC73B00F19D20 /* PBXTargetDependency */ = {
			isa = PBXTargetDependency;
			target = E62886831E5EC73B00F19D20 /* SFPhotoPicker */;
			targetProxy = E628869E1E5EC73B00F19D20 /* PBXContainerItemProxy */;
		};
		E62886AA1E5EC73B00F19D20 /* PBXTargetDependency */ = {
			isa = PBXTargetDependency;
			target = E62886831E5EC73B00F19D20 /* SFPhotoPicker */;
			targetProxy = E62886A91E5EC73B00F19D20 /* PBXContainerItemProxy */;
		};
/* End PBXTargetDependency section */

/* Begin PBXVariantGroup section */
		E62886901E5EC73B00F19D20 /* Main.storyboard */ = {
			isa = PBXVariantGroup;
			children = (
				E62886911E5EC73B00F19D20 /* Base */,
			);
			name = Main.storyboard;
			sourceTree = "<group>";
		};
		E62886951E5EC73B00F19D20 /* LaunchScreen.storyboard */ = {
			isa = PBXVariantGroup;
			children = (
				E62886961E5EC73B00F19D20 /* Base */,
			);
			name = LaunchScreen.storyboard;
			sourceTree = "<group>";
		};
/* End PBXVariantGroup section */

/* Begin XCBuildConfiguration section */
		E62886AF1E5EC73B00F19D20 /* Debug */ = {
			isa = XCBuildConfiguration;
			buildSettings = {
				ALWAYS_SEARCH_USER_PATHS = NO;
				CLANG_ANALYZER_NONNULL = YES;
				CLANG_CXX_LANGUAGE_STANDARD = "gnu++0x";
				CLANG_CXX_LIBRARY = "libc++";
				CLANG_ENABLE_MODULES = YES;
				CLANG_ENABLE_OBJC_ARC = YES;
				CLANG_WARN_BOOL_CONVERSION = YES;
				CLANG_WARN_CONSTANT_CONVERSION = YES;
				CLANG_WARN_DIRECT_OBJC_ISA_USAGE = YES_ERROR;
				CLANG_WARN_DOCUMENTATION_COMMENTS = YES;
				CLANG_WARN_EMPTY_BODY = YES;
				CLANG_WARN_ENUM_CONVERSION = YES;
				CLANG_WARN_INFINITE_RECURSION = YES;
				CLANG_WARN_INT_CONVERSION = YES;
				CLANG_WARN_OBJC_ROOT_CLASS = YES_ERROR;
				CLANG_WARN_SUSPICIOUS_MOVE = YES;
				CLANG_WARN_UNREACHABLE_CODE = YES;
				CLANG_WARN__DUPLICATE_METHOD_MATCH = YES;
				"CODE_SIGN_IDENTITY[sdk=iphoneos*]" = "iPhone Developer";
				COPY_PHASE_STRIP = NO;
				DEBUG_INFORMATION_FORMAT = dwarf;
				ENABLE_STRICT_OBJC_MSGSEND = YES;
				ENABLE_TESTABILITY = YES;
				GCC_C_LANGUAGE_STANDARD = gnu99;
				GCC_DYNAMIC_NO_PIC = NO;
				GCC_NO_COMMON_BLOCKS = YES;
				GCC_OPTIMIZATION_LEVEL = 0;
				GCC_PREPROCESSOR_DEFINITIONS = (
					"DEBUG=1",
					"$(inherited)",
				);
				GCC_WARN_64_TO_32_BIT_CONVERSION = YES;
				GCC_WARN_ABOUT_RETURN_TYPE = YES_ERROR;
				GCC_WARN_UNDECLARED_SELECTOR = YES;
				GCC_WARN_UNINITIALIZED_AUTOS = YES_AGGRESSIVE;
				GCC_WARN_UNUSED_FUNCTION = YES;
				GCC_WARN_UNUSED_VARIABLE = YES;
				IPHONEOS_DEPLOYMENT_TARGET = 10.2;
				MTL_ENABLE_DEBUG_INFO = YES;
				ONLY_ACTIVE_ARCH = YES;
				SDKROOT = iphoneos;
				TARGETED_DEVICE_FAMILY = "1,2";
			};
			name = Debug;
		};
		E62886B01E5EC73B00F19D20 /* Release */ = {
			isa = XCBuildConfiguration;
			buildSettings = {
				ALWAYS_SEARCH_USER_PATHS = NO;
				CLANG_ANALYZER_NONNULL = YES;
				CLANG_CXX_LANGUAGE_STANDARD = "gnu++0x";
				CLANG_CXX_LIBRARY = "libc++";
				CLANG_ENABLE_MODULES = YES;
				CLANG_ENABLE_OBJC_ARC = YES;
				CLANG_WARN_BOOL_CONVERSION = YES;
				CLANG_WARN_CONSTANT_CONVERSION = YES;
				CLANG_WARN_DIRECT_OBJC_ISA_USAGE = YES_ERROR;
				CLANG_WARN_DOCUMENTATION_COMMENTS = YES;
				CLANG_WARN_EMPTY_BODY = YES;
				CLANG_WARN_ENUM_CONVERSION = YES;
				CLANG_WARN_INFINITE_RECURSION = YES;
				CLANG_WARN_INT_CONVERSION = YES;
				CLANG_WARN_OBJC_ROOT_CLASS = YES_ERROR;
				CLANG_WARN_SUSPICIOUS_MOVE = YES;
				CLANG_WARN_UNREACHABLE_CODE = YES;
				CLANG_WARN__DUPLICATE_METHOD_MATCH = YES;
				"CODE_SIGN_IDENTITY[sdk=iphoneos*]" = "iPhone Developer";
				COPY_PHASE_STRIP = NO;
				DEBUG_INFORMATION_FORMAT = "dwarf-with-dsym";
				ENABLE_NS_ASSERTIONS = NO;
				ENABLE_STRICT_OBJC_MSGSEND = YES;
				GCC_C_LANGUAGE_STANDARD = gnu99;
				GCC_NO_COMMON_BLOCKS = YES;
				GCC_WARN_64_TO_32_BIT_CONVERSION = YES;
				GCC_WARN_ABOUT_RETURN_TYPE = YES_ERROR;
				GCC_WARN_UNDECLARED_SELECTOR = YES;
				GCC_WARN_UNINITIALIZED_AUTOS = YES_AGGRESSIVE;
				GCC_WARN_UNUSED_FUNCTION = YES;
				GCC_WARN_UNUSED_VARIABLE = YES;
				IPHONEOS_DEPLOYMENT_TARGET = 10.2;
				MTL_ENABLE_DEBUG_INFO = NO;
				SDKROOT = iphoneos;
				TARGETED_DEVICE_FAMILY = "1,2";
				VALIDATE_PRODUCT = YES;
			};
			name = Release;
		};
		E62886B21E5EC73B00F19D20 /* Debug */ = {
			isa = XCBuildConfiguration;
			buildSettings = {
				ASSETCATALOG_COMPILER_APPICON_NAME = AppIcon;
				DEVELOPMENT_TEAM = AR3398K2DD;
				GCC_PREFIX_HEADER = SFPhotoPicker/SFPhotoPickerHelper.pch;
				INFOPLIST_FILE = SFPhotoPicker/Info.plist;
				IPHONEOS_DEPLOYMENT_TARGET = 8.0;
				LD_RUNPATH_SEARCH_PATHS = "$(inherited) @executable_path/Frameworks";
				PRODUCT_BUNDLE_IDENTIFIER = "com.cnlive-lsf.SFPhotoPicker";
				PRODUCT_NAME = "$(TARGET_NAME)";
			};
			name = Debug;
		};
		E62886B31E5EC73B00F19D20 /* Release */ = {
			isa = XCBuildConfiguration;
			buildSettings = {
				ASSETCATALOG_COMPILER_APPICON_NAME = AppIcon;
				DEVELOPMENT_TEAM = AR3398K2DD;
				GCC_PREFIX_HEADER = SFPhotoPicker/SFPhotoPickerHelper.pch;
				INFOPLIST_FILE = SFPhotoPicker/Info.plist;
				IPHONEOS_DEPLOYMENT_TARGET = 8.0;
				LD_RUNPATH_SEARCH_PATHS = "$(inherited) @executable_path/Frameworks";
				PRODUCT_BUNDLE_IDENTIFIER = "com.cnlive-lsf.SFPhotoPicker";
				PRODUCT_NAME = "$(TARGET_NAME)";
			};
			name = Release;
		};
		E62886B51E5EC73B00F19D20 /* Debug */ = {
			isa = XCBuildConfiguration;
			buildSettings = {
				BUNDLE_LOADER = "$(TEST_HOST)";
				INFOPLIST_FILE = SFPhotoPickerTests/Info.plist;
				LD_RUNPATH_SEARCH_PATHS = "$(inherited) @executable_path/Frameworks @loader_path/Frameworks";
				PRODUCT_BUNDLE_IDENTIFIER = "com.cnlive-lsf.SFPhotoPickerTests";
				PRODUCT_NAME = "$(TARGET_NAME)";
				TEST_HOST = "$(BUILT_PRODUCTS_DIR)/SFPhotoPicker.app/SFPhotoPicker";
			};
			name = Debug;
		};
		E62886B61E5EC73B00F19D20 /* Release */ = {
			isa = XCBuildConfiguration;
			buildSettings = {
				BUNDLE_LOADER = "$(TEST_HOST)";
				INFOPLIST_FILE = SFPhotoPickerTests/Info.plist;
				LD_RUNPATH_SEARCH_PATHS = "$(inherited) @executable_path/Frameworks @loader_path/Frameworks";
				PRODUCT_BUNDLE_IDENTIFIER = "com.cnlive-lsf.SFPhotoPickerTests";
				PRODUCT_NAME = "$(TARGET_NAME)";
				TEST_HOST = "$(BUILT_PRODUCTS_DIR)/SFPhotoPicker.app/SFPhotoPicker";
			};
			name = Release;
		};
		E62886B81E5EC73B00F19D20 /* Debug */ = {
			isa = XCBuildConfiguration;
			buildSettings = {
				INFOPLIST_FILE = SFPhotoPickerUITests/Info.plist;
				LD_RUNPATH_SEARCH_PATHS = "$(inherited) @executable_path/Frameworks @loader_path/Frameworks";
				PRODUCT_BUNDLE_IDENTIFIER = "com.cnlive-lsf.SFPhotoPickerUITests";
				PRODUCT_NAME = "$(TARGET_NAME)";
				TEST_TARGET_NAME = SFPhotoPicker;
			};
			name = Debug;
		};
		E62886B91E5EC73B00F19D20 /* Release */ = {
			isa = XCBuildConfiguration;
			buildSettings = {
				INFOPLIST_FILE = SFPhotoPickerUITests/Info.plist;
				LD_RUNPATH_SEARCH_PATHS = "$(inherited) @executable_path/Frameworks @loader_path/Frameworks";
				PRODUCT_BUNDLE_IDENTIFIER = "com.cnlive-lsf.SFPhotoPickerUITests";
				PRODUCT_NAME = "$(TARGET_NAME)";
				TEST_TARGET_NAME = SFPhotoPicker;
			};
			name = Release;
		};
/* End XCBuildConfiguration section */

/* Begin XCConfigurationList section */
		E628867F1E5EC73A00F19D20 /* Build configuration list for PBXProject "SFPhotoPicker" */ = {
			isa = XCConfigurationList;
			buildConfigurations = (
				E62886AF1E5EC73B00F19D20 /* Debug */,
				E62886B01E5EC73B00F19D20 /* Release */,
			);
			defaultConfigurationIsVisible = 0;
			defaultConfigurationName = Release;
		};
		E62886B11E5EC73B00F19D20 /* Build configuration list for PBXNativeTarget "SFPhotoPicker" */ = {
			isa = XCConfigurationList;
			buildConfigurations = (
				E62886B21E5EC73B00F19D20 /* Debug */,
				E62886B31E5EC73B00F19D20 /* Release */,
			);
			defaultConfigurationIsVisible = 0;
			defaultConfigurationName = Release;
		};
		E62886B41E5EC73B00F19D20 /* Build configuration list for PBXNativeTarget "SFPhotoPickerTests" */ = {
			isa = XCConfigurationList;
			buildConfigurations = (
				E62886B51E5EC73B00F19D20 /* Debug */,
				E62886B61E5EC73B00F19D20 /* Release */,
			);
			defaultConfigurationIsVisible = 0;
			defaultConfigurationName = Release;
		};
		E62886B71E5EC73B00F19D20 /* Build configuration list for PBXNativeTarget "SFPhotoPickerUITests" */ = {
			isa = XCConfigurationList;
			buildConfigurations = (
				E62886B81E5EC73B00F19D20 /* Debug */,
				E62886B91E5EC73B00F19D20 /* Release */,
			);
			defaultConfigurationIsVisible = 0;
			defaultConfigurationName = Release;
		};
/* End XCConfigurationList section */
	};
	rootObject = E628867C1E5EC73A00F19D20 /* Project object */;
}
